// !$*UTF8*$!
{
	archiveVersion = 1;
	classes = {
	};
	objectVersion = 55;
	objects = {

/* Begin PBXBuildFile section */
		BF3904B228756629008C27F7 /* ImageSlider.swift in Sources */ = {isa = PBXBuildFile; fileRef = BF3904B128756629008C27F7 /* ImageSlider.swift */; };
		BF3904B42875736C008C27F7 /* Storage.swift in Sources */ = {isa = PBXBuildFile; fileRef = BF3904B32875736C008C27F7 /* Storage.swift */; };
		BF5224322823C51700674695 /* VisitedCell.swift in Sources */ = {isa = PBXBuildFile; fileRef = BF5224312823C51700674695 /* VisitedCell.swift */; };
		BF5224342823D85200674695 /* ImagePicker.swift in Sources */ = {isa = PBXBuildFile; fileRef = BF5224332823D85200674695 /* ImagePicker.swift */; };
		BF7DA9472828F19B008FE410 /* PrivateSettingView.swift in Sources */ = {isa = PBXBuildFile; fileRef = BF7DA9462828F19B008FE410 /* PrivateSettingView.swift */; };
		BF7DA94928290EE3008FE410 /* CustomTextField.swift in Sources */ = {isa = PBXBuildFile; fileRef = BF7DA94828290EE3008FE410 /* CustomTextField.swift */; };
		BF7DA94B282915BA008FE410 /* SecuritySettingView.swift in Sources */ = {isa = PBXBuildFile; fileRef = BF7DA94A282915BA008FE410 /* SecuritySettingView.swift */; };
		BF9C2B62282A6E81007E6543 /* CustomSecureField.swift in Sources */ = {isa = PBXBuildFile; fileRef = BF9C2B61282A6E81007E6543 /* CustomSecureField.swift */; };
		BF9C2B65282B99CF007E6543 /* FeedView.swift in Sources */ = {isa = PBXBuildFile; fileRef = BF9C2B64282B99CF007E6543 /* FeedView.swift */; };
		BF9C2B67282BAF16007E6543 /* FeedCell.swift in Sources */ = {isa = PBXBuildFile; fileRef = BF9C2B66282BAF16007E6543 /* FeedCell.swift */; };
		BF9C2B69282C136F007E6543 /* DetailView.swift in Sources */ = {isa = PBXBuildFile; fileRef = BF9C2B68282C136F007E6543 /* DetailView.swift */; };
		BFC252CF2819722C00E7EDDA /* FootPrintApp.swift in Sources */ = {isa = PBXBuildFile; fileRef = BFC252CE2819722C00E7EDDA /* FootPrintApp.swift */; };
		BFC252D12819722C00E7EDDA /* ContentView.swift in Sources */ = {isa = PBXBuildFile; fileRef = BFC252D02819722C00E7EDDA /* ContentView.swift */; };
		BFC252D32819722E00E7EDDA /* Assets.xcassets in Resources */ = {isa = PBXBuildFile; fileRef = BFC252D22819722E00E7EDDA /* Assets.xcassets */; };
		BFC252D62819722E00E7EDDA /* Preview Assets.xcassets in Resources */ = {isa = PBXBuildFile; fileRef = BFC252D52819722E00E7EDDA /* Preview Assets.xcassets */; };
		BFC37CA728378DFC00640CEA /* NotificationCell.swift in Sources */ = {isa = PBXBuildFile; fileRef = BFC37CA628378DFC00640CEA /* NotificationCell.swift */; };
		BFF60D752833D46500EBC809 /* PriceCell.swift in Sources */ = {isa = PBXBuildFile; fileRef = BFF60D742833D46500EBC809 /* PriceCell.swift */; };
		BFFE6EF5281E97DC001B309C /* MainTabView.swift in Sources */ = {isa = PBXBuildFile; fileRef = BFFE6EF4281E97DC001B309C /* MainTabView.swift */; };
		BFFE6EFA281E982D001B309C /* NotificationView.swift in Sources */ = {isa = PBXBuildFile; fileRef = BFFE6EF9281E982D001B309C /* NotificationView.swift */; };
		BFFE6EFF281E987A001B309C /* SearchView.swift in Sources */ = {isa = PBXBuildFile; fileRef = BFFE6EFE281E987A001B309C /* SearchView.swift */; };
		BFFE6F01281E9894001B309C /* CreateTravelView.swift in Sources */ = {isa = PBXBuildFile; fileRef = BFFE6F00281E9894001B309C /* CreateTravelView.swift */; };
		BFFE6F04281E98C3001B309C /* ProfileView.swift in Sources */ = {isa = PBXBuildFile; fileRef = BFFE6F03281E98C3001B309C /* ProfileView.swift */; };
		BFFE6F06281E9E13001B309C /* ProfileHeaderView.swift in Sources */ = {isa = PBXBuildFile; fileRef = BFFE6F05281E9E13001B309C /* ProfileHeaderView.swift */; };
		BFFE6F0A281E9E4F001B309C /* FeedGridView.swift in Sources */ = {isa = PBXBuildFile; fileRef = BFFE6F09281E9E4F001B309C /* FeedGridView.swift */; };
		BFFE6F0C281E9ED0001B309C /* UserStatView.swift in Sources */ = {isa = PBXBuildFile; fileRef = BFFE6F0B281E9ED0001B309C /* UserStatView.swift */; };
		BFFE6F0E281E9F00001B309C /* ProfileActionButtonView.swift in Sources */ = {isa = PBXBuildFile; fileRef = BFFE6F0D281E9F00001B309C /* ProfileActionButtonView.swift */; };
		BFFE6F10281EDAAC001B309C /* SearchBar.swift in Sources */ = {isa = PBXBuildFile; fileRef = BFFE6F0F281EDAAB001B309C /* SearchBar.swift */; };
		BFFE6F12281EDADC001B309C /* SearchListView.swift in Sources */ = {isa = PBXBuildFile; fileRef = BFFE6F11281EDADC001B309C /* SearchListView.swift */; };
		BFFE6F14281EDAFF001B309C /* UserCell.swift in Sources */ = {isa = PBXBuildFile; fileRef = BFFE6F13281EDAFF001B309C /* UserCell.swift */; };
		BFFE6F18281EDB76001B309C /* Extensions.swift in Sources */ = {isa = PBXBuildFile; fileRef = BFFE6F17281EDB76001B309C /* Extensions.swift */; };
		BFFE6F1A281EDBE1001B309C /* RecentSearchListView.swift in Sources */ = {isa = PBXBuildFile; fileRef = BFFE6F19281EDBE1001B309C /* RecentSearchListView.swift */; };
		BFFE6F1C281EDCA2001B309C /* LocationCell.swift in Sources */ = {isa = PBXBuildFile; fileRef = BFFE6F1B281EDCA2001B309C /* LocationCell.swift */; };
		BFFE6F1E281EE63C001B309C /* HistoryCell.swift in Sources */ = {isa = PBXBuildFile; fileRef = BFFE6F1D281EE63C001B309C /* HistoryCell.swift */; };
		BFFE6F20281FF35B001B309C /* EditTravelView.swift in Sources */ = {isa = PBXBuildFile; fileRef = BFFE6F1F281FF35B001B309C /* EditTravelView.swift */; };
		BFFE6F22281FF370001B309C /* CreateDetailInfoView.swift in Sources */ = {isa = PBXBuildFile; fileRef = BFFE6F21281FF370001B309C /* CreateDetailInfoView.swift */; };
		BFFE6F24281FF429001B309C /* TravelView.swift in Sources */ = {isa = PBXBuildFile; fileRef = BFFE6F23281FF429001B309C /* TravelView.swift */; };
		BFFE6F26281FFCFA001B309C /* CategoryButton.swift in Sources */ = {isa = PBXBuildFile; fileRef = BFFE6F25281FFCFA001B309C /* CategoryButton.swift */; };
/* End PBXBuildFile section */

/* Begin PBXFileReference section */
		BF3904B128756629008C27F7 /* ImageSlider.swift */ = {isa = PBXFileReference; lastKnownFileType = sourcecode.swift; path = ImageSlider.swift; sourceTree = "<group>"; };
		BF3904B32875736C008C27F7 /* Storage.swift */ = {isa = PBXFileReference; lastKnownFileType = sourcecode.swift; path = Storage.swift; sourceTree = "<group>"; };
		BF5224312823C51700674695 /* VisitedCell.swift */ = {isa = PBXFileReference; lastKnownFileType = sourcecode.swift; path = VisitedCell.swift; sourceTree = "<group>"; };
		BF5224332823D85200674695 /* ImagePicker.swift */ = {isa = PBXFileReference; lastKnownFileType = sourcecode.swift; path = ImagePicker.swift; sourceTree = "<group>"; };
		BF7DA9462828F19B008FE410 /* PrivateSettingView.swift */ = {isa = PBXFileReference; lastKnownFileType = sourcecode.swift; path = PrivateSettingView.swift; sourceTree = "<group>"; };
		BF7DA94828290EE3008FE410 /* CustomTextField.swift */ = {isa = PBXFileReference; lastKnownFileType = sourcecode.swift; path = CustomTextField.swift; sourceTree = "<group>"; };
		BF7DA94A282915BA008FE410 /* SecuritySettingView.swift */ = {isa = PBXFileReference; lastKnownFileType = sourcecode.swift; path = SecuritySettingView.swift; sourceTree = "<group>"; };
		BF9C2B61282A6E81007E6543 /* CustomSecureField.swift */ = {isa = PBXFileReference; lastKnownFileType = sourcecode.swift; path = CustomSecureField.swift; sourceTree = "<group>"; };
		BF9C2B64282B99CF007E6543 /* FeedView.swift */ = {isa = PBXFileReference; lastKnownFileType = sourcecode.swift; path = FeedView.swift; sourceTree = "<group>"; };
		BF9C2B66282BAF16007E6543 /* FeedCell.swift */ = {isa = PBXFileReference; lastKnownFileType = sourcecode.swift; path = FeedCell.swift; sourceTree = "<group>"; };
		BF9C2B68282C136F007E6543 /* DetailView.swift */ = {isa = PBXFileReference; lastKnownFileType = sourcecode.swift; path = DetailView.swift; sourceTree = "<group>"; };
		BFC252CB2819722C00E7EDDA /* FootPrint.app */ = {isa = PBXFileReference; explicitFileType = wrapper.application; includeInIndex = 0; path = FootPrint.app; sourceTree = BUILT_PRODUCTS_DIR; };
		BFC252CE2819722C00E7EDDA /* FootPrintApp.swift */ = {isa = PBXFileReference; lastKnownFileType = sourcecode.swift; path = FootPrintApp.swift; sourceTree = "<group>"; };
		BFC252D02819722C00E7EDDA /* ContentView.swift */ = {isa = PBXFileReference; lastKnownFileType = sourcecode.swift; path = ContentView.swift; sourceTree = "<group>"; };
		BFC252D22819722E00E7EDDA /* Assets.xcassets */ = {isa = PBXFileReference; lastKnownFileType = folder.assetcatalog; path = Assets.xcassets; sourceTree = "<group>"; };
		BFC252D52819722E00E7EDDA /* Preview Assets.xcassets */ = {isa = PBXFileReference; lastKnownFileType = folder.assetcatalog; path = "Preview Assets.xcassets"; sourceTree = "<group>"; };
		BFC37CA628378DFC00640CEA /* NotificationCell.swift */ = {isa = PBXFileReference; lastKnownFileType = sourcecode.swift; path = NotificationCell.swift; sourceTree = "<group>"; };
		BFF60D742833D46500EBC809 /* PriceCell.swift */ = {isa = PBXFileReference; lastKnownFileType = sourcecode.swift; path = PriceCell.swift; sourceTree = "<group>"; };
		BFFE6EF4281E97DC001B309C /* MainTabView.swift */ = {isa = PBXFileReference; lastKnownFileType = sourcecode.swift; path = MainTabView.swift; sourceTree = "<group>"; };
		BFFE6EF9281E982D001B309C /* NotificationView.swift */ = {isa = PBXFileReference; lastKnownFileType = sourcecode.swift; path = NotificationView.swift; sourceTree = "<group>"; };
		BFFE6EFE281E987A001B309C /* SearchView.swift */ = {isa = PBXFileReference; lastKnownFileType = sourcecode.swift; path = SearchView.swift; sourceTree = "<group>"; };
		BFFE6F00281E9894001B309C /* CreateTravelView.swift */ = {isa = PBXFileReference; lastKnownFileType = sourcecode.swift; path = CreateTravelView.swift; sourceTree = "<group>"; };
		BFFE6F03281E98C3001B309C /* ProfileView.swift */ = {isa = PBXFileReference; lastKnownFileType = sourcecode.swift; path = ProfileView.swift; sourceTree = "<group>"; };
		BFFE6F05281E9E13001B309C /* ProfileHeaderView.swift */ = {isa = PBXFileReference; lastKnownFileType = sourcecode.swift; path = ProfileHeaderView.swift; sourceTree = "<group>"; };
		BFFE6F09281E9E4F001B309C /* FeedGridView.swift */ = {isa = PBXFileReference; lastKnownFileType = sourcecode.swift; path = FeedGridView.swift; sourceTree = "<group>"; };
		BFFE6F0B281E9ED0001B309C /* UserStatView.swift */ = {isa = PBXFileReference; lastKnownFileType = sourcecode.swift; path = UserStatView.swift; sourceTree = "<group>"; };
		BFFE6F0D281E9F00001B309C /* ProfileActionButtonView.swift */ = {isa = PBXFileReference; lastKnownFileType = sourcecode.swift; path = ProfileActionButtonView.swift; sourceTree = "<group>"; };
		BFFE6F0F281EDAAB001B309C /* SearchBar.swift */ = {isa = PBXFileReference; lastKnownFileType = sourcecode.swift; path = SearchBar.swift; sourceTree = "<group>"; };
		BFFE6F11281EDADC001B309C /* SearchListView.swift */ = {isa = PBXFileReference; lastKnownFileType = sourcecode.swift; path = SearchListView.swift; sourceTree = "<group>"; };
		BFFE6F13281EDAFF001B309C /* UserCell.swift */ = {isa = PBXFileReference; lastKnownFileType = sourcecode.swift; path = UserCell.swift; sourceTree = "<group>"; };
		BFFE6F17281EDB76001B309C /* Extensions.swift */ = {isa = PBXFileReference; lastKnownFileType = sourcecode.swift; path = Extensions.swift; sourceTree = "<group>"; };
		BFFE6F19281EDBE1001B309C /* RecentSearchListView.swift */ = {isa = PBXFileReference; lastKnownFileType = sourcecode.swift; path = RecentSearchListView.swift; sourceTree = "<group>"; };
		BFFE6F1B281EDCA2001B309C /* LocationCell.swift */ = {isa = PBXFileReference; lastKnownFileType = sourcecode.swift; path = LocationCell.swift; sourceTree = "<group>"; };
		BFFE6F1D281EE63C001B309C /* HistoryCell.swift */ = {isa = PBXFileReference; lastKnownFileType = sourcecode.swift; path = HistoryCell.swift; sourceTree = "<group>"; };
		BFFE6F1F281FF35B001B309C /* EditTravelView.swift */ = {isa = PBXFileReference; lastKnownFileType = sourcecode.swift; path = EditTravelView.swift; sourceTree = "<group>"; };
		BFFE6F21281FF370001B309C /* CreateDetailInfoView.swift */ = {isa = PBXFileReference; lastKnownFileType = sourcecode.swift; path = CreateDetailInfoView.swift; sourceTree = "<group>"; };
		BFFE6F23281FF429001B309C /* TravelView.swift */ = {isa = PBXFileReference; lastKnownFileType = sourcecode.swift; path = TravelView.swift; sourceTree = "<group>"; };
		BFFE6F25281FFCFA001B309C /* CategoryButton.swift */ = {isa = PBXFileReference; lastKnownFileType = sourcecode.swift; path = CategoryButton.swift; sourceTree = "<group>"; };
/* End PBXFileReference section */

/* Begin PBXFrameworksBuildPhase section */
		BFC252C82819722C00E7EDDA /* Frameworks */ = {
			isa = PBXFrameworksBuildPhase;
			buildActionMask = 2147483647;
			files = (
			);
			runOnlyForDeploymentPostprocessing = 0;
		};
/* End PBXFrameworksBuildPhase section */

/* Begin PBXGroup section */
		BF9C2B63282B99C4007E6543 /* Feed */ = {
			isa = PBXGroup;
			children = (
				BF9C2B64282B99CF007E6543 /* FeedView.swift */,
				BF9C2B66282BAF16007E6543 /* FeedCell.swift */,
			);
			path = Feed;
			sourceTree = "<group>";
		};
		BFC252C22819722C00E7EDDA = {
			isa = PBXGroup;
			children = (
				BFC252CD2819722C00E7EDDA /* FootPrint */,
				BFC252CC2819722C00E7EDDA /* Products */,
			);
			sourceTree = "<group>";
		};
		BFC252CC2819722C00E7EDDA /* Products */ = {
			isa = PBXGroup;
			children = (
				BFC252CB2819722C00E7EDDA /* FootPrint.app */,
			);
			name = Products;
			sourceTree = "<group>";
		};
		BFC252CD2819722C00E7EDDA /* FootPrint */ = {
			isa = PBXGroup;
			children = (
				BFC252E02819729900E7EDDA /* Model */,
				BFC252DF2819729100E7EDDA /* View */,
				BFC252DE2819728A00E7EDDA /* ViewModel */,
				BFC252DD2819728400E7EDDA /* API */,
				BFC252DC2819727300E7EDDA /* Utils */,
				BFC252CE2819722C00E7EDDA /* FootPrintApp.swift */,
				BFC252D22819722E00E7EDDA /* Assets.xcassets */,
				BFC252D42819722E00E7EDDA /* Preview Content */,
			);
			path = FootPrint;
			sourceTree = "<group>";
		};
		BFC252D42819722E00E7EDDA /* Preview Content */ = {
			isa = PBXGroup;
			children = (
				BFC252D52819722E00E7EDDA /* Preview Assets.xcassets */,
			);
			path = "Preview Content";
			sourceTree = "<group>";
		};
		BFC252DC2819727300E7EDDA /* Utils */ = {
			isa = PBXGroup;
			children = (
				BFFE6F17281EDB76001B309C /* Extensions.swift */,
				BF5224332823D85200674695 /* ImagePicker.swift */,
				BF3904B128756629008C27F7 /* ImageSlider.swift */,
			);
			path = Utils;
			sourceTree = "<group>";
		};
		BFC252DD2819728400E7EDDA /* API */ = {
			isa = PBXGroup;
			children = (
				BF3904B32875736C008C27F7 /* Storage.swift */,
			);
			path = API;
			sourceTree = "<group>";
		};
		BFC252DE2819728A00E7EDDA /* ViewModel */ = {
			isa = PBXGroup;
			children = (
			);
			path = ViewModel;
			sourceTree = "<group>";
		};
		BFC252DF2819729100E7EDDA /* View */ = {
			isa = PBXGroup;
			children = (
				BF9C2B63282B99C4007E6543 /* Feed */,
				BFFE6F07281E9E34001B309C /* Items */,
				BFFE6F02281E98B9001B309C /* Profile */,
				BFFE6EF2281E972C001B309C /* Notification */,
				BFFE6EF1281E971B001B309C /* Travel */,
				BFFE6EF0281E970E001B309C /* Search */,
				BFFE6EEF281E96DC001B309C /* Main */,
			);
			path = View;
			sourceTree = "<group>";
		};
		BFC252E02819729900E7EDDA /* Model */ = {
			isa = PBXGroup;
			children = (
			);
			path = Model;
			sourceTree = "<group>";
		};
		BFFE6EEF281E96DC001B309C /* Main */ = {
			isa = PBXGroup;
			children = (
				BFFE6EF4281E97DC001B309C /* MainTabView.swift */,
				BFC252D02819722C00E7EDDA /* ContentView.swift */,
			);
			path = Main;
			sourceTree = "<group>";
		};
		BFFE6EF0281E970E001B309C /* Search */ = {
			isa = PBXGroup;
			children = (
				BFFE6EFE281E987A001B309C /* SearchView.swift */,
				BFFE6F0F281EDAAB001B309C /* SearchBar.swift */,
			);
			path = Search;
			sourceTree = "<group>";
		};
		BFFE6EF1281E971B001B309C /* Travel */ = {
			isa = PBXGroup;
			children = (
				BFFE6F00281E9894001B309C /* CreateTravelView.swift */,
				BFFE6F23281FF429001B309C /* TravelView.swift */,
				BF9C2B68282C136F007E6543 /* DetailView.swift */,
				BF5224312823C51700674695 /* VisitedCell.swift */,
				BFF60D742833D46500EBC809 /* PriceCell.swift */,
				BFFE6F1F281FF35B001B309C /* EditTravelView.swift */,
				BFFE6F21281FF370001B309C /* CreateDetailInfoView.swift */,
				BFFE6F25281FFCFA001B309C /* CategoryButton.swift */,
			);
			path = Travel;
			sourceTree = "<group>";
		};
		BFFE6EF2281E972C001B309C /* Notification */ = {
			isa = PBXGroup;
			children = (
				BFFE6EF9281E982D001B309C /* NotificationView.swift */,
				BFC37CA628378DFC00640CEA /* NotificationCell.swift */,
			);
			path = Notification;
			sourceTree = "<group>";
		};
		BFFE6F02281E98B9001B309C /* Profile */ = {
			isa = PBXGroup;
			children = (
				BFFE6F03281E98C3001B309C /* ProfileView.swift */,
				BFFE6F0B281E9ED0001B309C /* UserStatView.swift */,
				BFFE6F0D281E9F00001B309C /* ProfileActionButtonView.swift */,
				BF7DA9462828F19B008FE410 /* PrivateSettingView.swift */,
				BF7DA94A282915BA008FE410 /* SecuritySettingView.swift */,
				BFFE6F05281E9E13001B309C /* ProfileHeaderView.swift */,
			);
			path = Profile;
			sourceTree = "<group>";
		};
		BFFE6F07281E9E34001B309C /* Items */ = {
			isa = PBXGroup;
			children = (
				BFFE6F09281E9E4F001B309C /* FeedGridView.swift */,
				BFFE6F13281EDAFF001B309C /* UserCell.swift */,
				BFFE6F1B281EDCA2001B309C /* LocationCell.swift */,
				BFFE6F1D281EE63C001B309C /* HistoryCell.swift */,
				BFFE6F11281EDADC001B309C /* SearchListView.swift */,
				BF9C2B61282A6E81007E6543 /* CustomSecureField.swift */,
				BF7DA94828290EE3008FE410 /* CustomTextField.swift */,
				BFFE6F19281EDBE1001B309C /* RecentSearchListView.swift */,
			);
			path = Items;
			sourceTree = "<group>";
		};
/* End PBXGroup section */

/* Begin PBXNativeTarget section */
		BFC252CA2819722C00E7EDDA /* FootPrint */ = {
			isa = PBXNativeTarget;
			buildConfigurationList = BFC252D92819722E00E7EDDA /* Build configuration list for PBXNativeTarget "FootPrint" */;
			buildPhases = (
				BFC252C72819722C00E7EDDA /* Sources */,
				BFC252C82819722C00E7EDDA /* Frameworks */,
				BFC252C92819722C00E7EDDA /* Resources */,
			);
			buildRules = (
			);
			dependencies = (
			);
			name = FootPrint;
			packageProductDependencies = (
			);
			productName = FootPrint;
			productReference = BFC252CB2819722C00E7EDDA /* FootPrint.app */;
			productType = "com.apple.product-type.application";
		};
/* End PBXNativeTarget section */

/* Begin PBXProject section */
		BFC252C32819722C00E7EDDA /* Project object */ = {
			isa = PBXProject;
			attributes = {
				BuildIndependentTargetsInParallel = 1;
				LastSwiftUpdateCheck = 1320;
				LastUpgradeCheck = 1320;
				TargetAttributes = {
					BFC252CA2819722C00E7EDDA = {
						CreatedOnToolsVersion = 13.2.1;
					};
				};
			};
			buildConfigurationList = BFC252C62819722C00E7EDDA /* Build configuration list for PBXProject "FootPrint" */;
			compatibilityVersion = "Xcode 13.0";
			developmentRegion = en;
			hasScannedForEncodings = 0;
			knownRegions = (
				en,
				Base,
			);
			mainGroup = BFC252C22819722C00E7EDDA;
			packageReferences = (
			);
			productRefGroup = BFC252CC2819722C00E7EDDA /* Products */;
			projectDirPath = "";
			projectRoot = "";
			targets = (
				BFC252CA2819722C00E7EDDA /* FootPrint */,
			);
		};
/* End PBXProject section */

/* Begin PBXResourcesBuildPhase section */
		BFC252C92819722C00E7EDDA /* Resources */ = {
			isa = PBXResourcesBuildPhase;
			buildActionMask = 2147483647;
			files = (
				BFC252D62819722E00E7EDDA /* Preview Assets.xcassets in Resources */,
				BFC252D32819722E00E7EDDA /* Assets.xcassets in Resources */,
			);
			runOnlyForDeploymentPostprocessing = 0;
		};
/* End PBXResourcesBuildPhase section */

/* Begin PBXSourcesBuildPhase section */
		BFC252C72819722C00E7EDDA /* Sources */ = {
			isa = PBXSourcesBuildPhase;
			buildActionMask = 2147483647;
			files = (
				BFFE6F10281EDAAC001B309C /* SearchBar.swift in Sources */,
				BFC37CA728378DFC00640CEA /* NotificationCell.swift in Sources */,
				BFFE6F04281E98C3001B309C /* ProfileView.swift in Sources */,
				BF5224342823D85200674695 /* ImagePicker.swift in Sources */,
				BF7DA9472828F19B008FE410 /* PrivateSettingView.swift in Sources */,
				BFFE6F0E281E9F00001B309C /* ProfileActionButtonView.swift in Sources */,
				BFC252D12819722C00E7EDDA /* ContentView.swift in Sources */,
				BFC252CF2819722C00E7EDDA /* FootPrintApp.swift in Sources */,
				BF7DA94928290EE3008FE410 /* CustomTextField.swift in Sources */,
				BF9C2B62282A6E81007E6543 /* CustomSecureField.swift in Sources */,
				BFFE6F1C281EDCA2001B309C /* LocationCell.swift in Sources */,
				BF7DA94B282915BA008FE410 /* SecuritySettingView.swift in Sources */,
				BF9C2B67282BAF16007E6543 /* FeedCell.swift in Sources */,
				BFFE6F26281FFCFA001B309C /* CategoryButton.swift in Sources */,
				BFFE6F06281E9E13001B309C /* ProfileHeaderView.swift in Sources */,
				BFFE6F1A281EDBE1001B309C /* RecentSearchListView.swift in Sources */,
				BFFE6F12281EDADC001B309C /* SearchListView.swift in Sources */,
				BF9C2B69282C136F007E6543 /* DetailView.swift in Sources */,
				BFFE6F24281FF429001B309C /* TravelView.swift in Sources */,
				BF5224322823C51700674695 /* VisitedCell.swift in Sources */,
				BFFE6F14281EDAFF001B309C /* UserCell.swift in Sources */,
				BFFE6F20281FF35B001B309C /* EditTravelView.swift in Sources */,
				BFFE6F1E281EE63C001B309C /* HistoryCell.swift in Sources */,
				BFFE6EF5281E97DC001B309C /* MainTabView.swift in Sources */,
				BF9C2B65282B99CF007E6543 /* FeedView.swift in Sources */,
				BFFE6F0A281E9E4F001B309C /* FeedGridView.swift in Sources */,
				BFFE6F18281EDB76001B309C /* Extensions.swift in Sources */,
				BFFE6F01281E9894001B309C /* CreateTravelView.swift in Sources */,
				BF3904B228756629008C27F7 /* ImageSlider.swift in Sources */,
				BF3904B42875736C008C27F7 /* Storage.swift in Sources */,
				BFFE6F0C281E9ED0001B309C /* UserStatView.swift in Sources */,
				BFFE6F22281FF370001B309C /* CreateDetailInfoView.swift in Sources */,
				BFF60D752833D46500EBC809 /* PriceCell.swift in Sources */,
				BFFE6EFF281E987A001B309C /* SearchView.swift in Sources */,
				BFFE6EFA281E982D001B309C /* NotificationView.swift in Sources */,
			);
			runOnlyForDeploymentPostprocessing = 0;
		};
/* End PBXSourcesBuildPhase section */

/* Begin XCBuildConfiguration section */
		BFC252D72819722E00E7EDDA /* Debug */ = {
			isa = XCBuildConfiguration;
			buildSettings = {
				ALWAYS_SEARCH_USER_PATHS = NO;
				CLANG_ANALYZER_NONNULL = YES;
				CLANG_ANALYZER_NUMBER_OBJECT_CONVERSION = YES_AGGRESSIVE;
				CLANG_CXX_LANGUAGE_STANDARD = "gnu++17";
				CLANG_CXX_LIBRARY = "libc++";
				CLANG_ENABLE_MODULES = YES;
				CLANG_ENABLE_OBJC_ARC = YES;
				CLANG_ENABLE_OBJC_WEAK = YES;
				CLANG_WARN_BLOCK_CAPTURE_AUTORELEASING = YES;
				CLANG_WARN_BOOL_CONVERSION = YES;
				CLANG_WARN_COMMA = YES;
				CLANG_WARN_CONSTANT_CONVERSION = YES;
				CLANG_WARN_DEPRECATED_OBJC_IMPLEMENTATIONS = YES;
				CLANG_WARN_DIRECT_OBJC_ISA_USAGE = YES_ERROR;
				CLANG_WARN_DOCUMENTATION_COMMENTS = YES;
				CLANG_WARN_EMPTY_BODY = YES;
				CLANG_WARN_ENUM_CONVERSION = YES;
				CLANG_WARN_INFINITE_RECURSION = YES;
				CLANG_WARN_INT_CONVERSION = YES;
				CLANG_WARN_NON_LITERAL_NULL_CONVERSION = YES;
				CLANG_WARN_OBJC_IMPLICIT_RETAIN_SELF = YES;
				CLANG_WARN_OBJC_LITERAL_CONVERSION = YES;
				CLANG_WARN_OBJC_ROOT_CLASS = YES_ERROR;
				CLANG_WARN_QUOTED_INCLUDE_IN_FRAMEWORK_HEADER = YES;
				CLANG_WARN_RANGE_LOOP_ANALYSIS = YES;
				CLANG_WARN_STRICT_PROTOTYPES = YES;
				CLANG_WARN_SUSPICIOUS_MOVE = YES;
				CLANG_WARN_UNGUARDED_AVAILABILITY = YES_AGGRESSIVE;
				CLANG_WARN_UNREACHABLE_CODE = YES;
				CLANG_WARN__DUPLICATE_METHOD_MATCH = YES;
				COPY_PHASE_STRIP = NO;
				DEBUG_INFORMATION_FORMAT = dwarf;
				ENABLE_STRICT_OBJC_MSGSEND = YES;
				ENABLE_TESTABILITY = YES;
				GCC_C_LANGUAGE_STANDARD = gnu11;
				GCC_DYNAMIC_NO_PIC = NO;
				GCC_NO_COMMON_BLOCKS = YES;
				GCC_OPTIMIZATION_LEVEL = 0;
				GCC_PREPROCESSOR_DEFINITIONS = (
					"DEBUG=1",
					"$(inherited)",
				);
				GCC_WARN_64_TO_32_BIT_CONVERSION = YES;
				GCC_WARN_ABOUT_RETURN_TYPE = YES_ERROR;
				GCC_WARN_UNDECLARED_SELECTOR = YES;
				GCC_WARN_UNINITIALIZED_AUTOS = YES_AGGRESSIVE;
				GCC_WARN_UNUSED_FUNCTION = YES;
				GCC_WARN_UNUSED_VARIABLE = YES;
				IPHONEOS_DEPLOYMENT_TARGET = 15.2;
				MTL_ENABLE_DEBUG_INFO = INCLUDE_SOURCE;
				MTL_FAST_MATH = YES;
				ONLY_ACTIVE_ARCH = YES;
				SDKROOT = iphoneos;
				SWIFT_ACTIVE_COMPILATION_CONDITIONS = DEBUG;
				SWIFT_OPTIMIZATION_LEVEL = "-Onone";
			};
			name = Debug;
		};
		BFC252D82819722E00E7EDDA /* Release */ = {
			isa = XCBuildConfiguration;
			buildSettings = {
				ALWAYS_SEARCH_USER_PATHS = NO;
				CLANG_ANALYZER_NONNULL = YES;
				CLANG_ANALYZER_NUMBER_OBJECT_CONVERSION = YES_AGGRESSIVE;
				CLANG_CXX_LANGUAGE_STANDARD = "gnu++17";
				CLANG_CXX_LIBRARY = "libc++";
				CLANG_ENABLE_MODULES = YES;
				CLANG_ENABLE_OBJC_ARC = YES;
				CLANG_ENABLE_OBJC_WEAK = YES;
				CLANG_WARN_BLOCK_CAPTURE_AUTORELEASING = YES;
				CLANG_WARN_BOOL_CONVERSION = YES;
				CLANG_WARN_COMMA = YES;
				CLANG_WARN_CONSTANT_CONVERSION = YES;
				CLANG_WARN_DEPRECATED_OBJC_IMPLEMENTATIONS = YES;
				CLANG_WARN_DIRECT_OBJC_ISA_USAGE = YES_ERROR;
				CLANG_WARN_DOCUMENTATION_COMMENTS = YES;
				CLANG_WARN_EMPTY_BODY = YES;
				CLANG_WARN_ENUM_CONVERSION = YES;
				CLANG_WARN_INFINITE_RECURSION = YES;
				CLANG_WARN_INT_CONVERSION = YES;
				CLANG_WARN_NON_LITERAL_NULL_CONVERSION = YES;
				CLANG_WARN_OBJC_IMPLICIT_RETAIN_SELF = YES;
				CLANG_WARN_OBJC_LITERAL_CONVERSION = YES;
				CLANG_WARN_OBJC_ROOT_CLASS = YES_ERROR;
				CLANG_WARN_QUOTED_INCLUDE_IN_FRAMEWORK_HEADER = YES;
				CLANG_WARN_RANGE_LOOP_ANALYSIS = YES;
				CLANG_WARN_STRICT_PROTOTYPES = YES;
				CLANG_WARN_SUSPICIOUS_MOVE = YES;
				CLANG_WARN_UNGUARDED_AVAILABILITY = YES_AGGRESSIVE;
				CLANG_WARN_UNREACHABLE_CODE = YES;
				CLANG_WARN__DUPLICATE_METHOD_MATCH = YES;
				COPY_PHASE_STRIP = NO;
				DEBUG_INFORMATION_FORMAT = "dwarf-with-dsym";
				ENABLE_NS_ASSERTIONS = NO;
				ENABLE_STRICT_OBJC_MSGSEND = YES;
				GCC_C_LANGUAGE_STANDARD = gnu11;
				GCC_NO_COMMON_BLOCKS = YES;
				GCC_WARN_64_TO_32_BIT_CONVERSION = YES;
				GCC_WARN_ABOUT_RETURN_TYPE = YES_ERROR;
				GCC_WARN_UNDECLARED_SELECTOR = YES;
				GCC_WARN_UNINITIALIZED_AUTOS = YES_AGGRESSIVE;
				GCC_WARN_UNUSED_FUNCTION = YES;
				GCC_WARN_UNUSED_VARIABLE = YES;
				IPHONEOS_DEPLOYMENT_TARGET = 15.2;
				MTL_ENABLE_DEBUG_INFO = NO;
				MTL_FAST_MATH = YES;
				SDKROOT = iphoneos;
				SWIFT_COMPILATION_MODE = wholemodule;
				SWIFT_OPTIMIZATION_LEVEL = "-O";
				VALIDATE_PRODUCT = YES;
			};
			name = Release;
		};
		BFC252DA2819722E00E7EDDA /* Debug */ = {
			isa = XCBuildConfiguration;
			buildSettings = {
				ASSETCATALOG_COMPILER_APPICON_NAME = AppIcon;
				ASSETCATALOG_COMPILER_GLOBAL_ACCENT_COLOR_NAME = AccentColor;
				CODE_SIGN_STYLE = Automatic;
				CURRENT_PROJECT_VERSION = 1;
				DEVELOPMENT_ASSET_PATHS = "\"FootPrint/Preview Content\"";
				DEVELOPMENT_TEAM = 7D5PZJWQ9T;
				ENABLE_PREVIEWS = YES;
				GENERATE_INFOPLIST_FILE = YES;
				INFOPLIST_KEY_UIApplicationSceneManifest_Generation = YES;
				INFOPLIST_KEY_UIApplicationSupportsIndirectInputEvents = YES;
				INFOPLIST_KEY_UILaunchScreen_Generation = YES;
				INFOPLIST_KEY_UISupportedInterfaceOrientations_iPad = "UIInterfaceOrientationPortrait UIInterfaceOrientationPortraitUpsideDown UIInterfaceOrientationLandscapeLeft UIInterfaceOrientationLandscapeRight";
				INFOPLIST_KEY_UISupportedInterfaceOrientations_iPhone = "UIInterfaceOrientationPortrait UIInterfaceOrientationLandscapeLeft UIInterfaceOrientationLandscapeRight";
				LD_RUNPATH_SEARCH_PATHS = (
					"$(inherited)",
					"@executable_path/Frameworks",
				);
				MARKETING_VERSION = 1.0;
				PRODUCT_BUNDLE_IDENTIFIER = cnu.cse.dayo2n.FootPrint;
				PRODUCT_NAME = "$(TARGET_NAME)";
				SWIFT_EMIT_LOC_STRINGS = YES;
				SWIFT_VERSION = 5.0;
				TARGETED_DEVICE_FAMILY = "1,2";
			};
			name = Debug;
		};
		BFC252DB2819722E00E7EDDA /* Release */ = {
			isa = XCBuildConfiguration;
			buildSettings = {
				ASSETCATALOG_COMPILER_APPICON_NAME = AppIcon;
				ASSETCATALOG_COMPILER_GLOBAL_ACCENT_COLOR_NAME = AccentColor;
				CODE_SIGN_STYLE = Automatic;
				CURRENT_PROJECT_VERSION = 1;
				DEVELOPMENT_ASSET_PATHS = "\"FootPrint/Preview Content\"";
				DEVELOPMENT_TEAM = 7D5PZJWQ9T;
				ENABLE_PREVIEWS = YES;
				GENERATE_INFOPLIST_FILE = YES;
				INFOPLIST_KEY_UIApplicationSceneManifest_Generation = YES;
				INFOPLIST_KEY_UIApplicationSupportsIndirectInputEvents = YES;
				INFOPLIST_KEY_UILaunchScreen_Generation = YES;
				INFOPLIST_KEY_UISupportedInterfaceOrientations_iPad = "UIInterfaceOrientationPortrait UIInterfaceOrientationPortraitUpsideDown UIInterfaceOrientationLandscapeLeft UIInterfaceOrientationLandscapeRight";
				INFOPLIST_KEY_UISupportedInterfaceOrientations_iPhone = "UIInterfaceOrientationPortrait UIInterfaceOrientationLandscapeLeft UIInterfaceOrientationLandscapeRight";
				LD_RUNPATH_SEARCH_PATHS = (
					"$(inherited)",
					"@executable_path/Frameworks",
				);
				MARKETING_VERSION = 1.0;
				PRODUCT_BUNDLE_IDENTIFIER = cnu.cse.dayo2n.FootPrint;
				PRODUCT_NAME = "$(TARGET_NAME)";
				SWIFT_EMIT_LOC_STRINGS = YES;
				SWIFT_VERSION = 5.0;
				TARGETED_DEVICE_FAMILY = "1,2";
			};
			name = Release;
		};
/* End XCBuildConfiguration section */

/* Begin XCConfigurationList section */
		BFC252C62819722C00E7EDDA /* Build configuration list for PBXProject "FootPrint" */ = {
			isa = XCConfigurationList;
			buildConfigurations = (
				BFC252D72819722E00E7EDDA /* Debug */,
				BFC252D82819722E00E7EDDA /* Release */,
			);
			defaultConfigurationIsVisible = 0;
			defaultConfigurationName = Release;
		};
		BFC252D92819722E00E7EDDA /* Build configuration list for PBXNativeTarget "FootPrint" */ = {
			isa = XCConfigurationList;
			buildConfigurations = (
				BFC252DA2819722E00E7EDDA /* Debug */,
				BFC252DB2819722E00E7EDDA /* Release */,
			);
			defaultConfigurationIsVisible = 0;
			defaultConfigurationName = Release;
		};
/* End XCConfigurationList section */
	};
	rootObject = BFC252C32819722C00E7EDDA /* Project object */;
}
